// !$*UTF8*$!
{
	archiveVersion = 1;
	classes = {
	};
	objectVersion = 55;
	objects = {

/* Begin PBXBuildFile section */
		C36529252774962500629027 /* AppDelegate.swift in Sources */ = {isa = PBXBuildFile; fileRef = C36529242774962500629027 /* AppDelegate.swift */; };
		C36529272774962500629027 /* SceneDelegate.swift in Sources */ = {isa = PBXBuildFile; fileRef = C36529262774962500629027 /* SceneDelegate.swift */; };
		C36529292774962500629027 /* ViewController.swift in Sources */ = {isa = PBXBuildFile; fileRef = C36529282774962500629027 /* ViewController.swift */; };
		C365292C2774962500629027 /* Main.storyboard in Resources */ = {isa = PBXBuildFile; fileRef = C365292A2774962500629027 /* Main.storyboard */; };
		C365292F2774962500629027 /* Time_Visualizer.xcdatamodeld in Sources */ = {isa = PBXBuildFile; fileRef = C365292D2774962500629027 /* Time_Visualizer.xcdatamodeld */; };
		C36529312774962800629027 /* Assets.xcassets in Resources */ = {isa = PBXBuildFile; fileRef = C36529302774962800629027 /* Assets.xcassets */; };
		C36529342774962800629027 /* LaunchScreen.storyboard in Resources */ = {isa = PBXBuildFile; fileRef = C36529322774962800629027 /* LaunchScreen.storyboard */; };
		C365293F2774962900629027 /* Time_VisualizerTests.swift in Sources */ = {isa = PBXBuildFile; fileRef = C365293E2774962900629027 /* Time_VisualizerTests.swift */; };
		C36529492774962900629027 /* Time_VisualizerUITests.swift in Sources */ = {isa = PBXBuildFile; fileRef = C36529482774962900629027 /* Time_VisualizerUITests.swift */; };
		C365294B2774962900629027 /* Time_VisualizerUITestsLaunchTests.swift in Sources */ = {isa = PBXBuildFile; fileRef = C365294A2774962900629027 /* Time_VisualizerUITestsLaunchTests.swift */; };
/* End PBXBuildFile section */

/* Begin PBXContainerItemProxy section */
		C365293B2774962900629027 /* PBXContainerItemProxy */ = {
			isa = PBXContainerItemProxy;
			containerPortal = C36529192774962500629027 /* Project object */;
			proxyType = 1;
			remoteGlobalIDString = C36529202774962500629027;
			remoteInfo = "Time Visualizer";
		};
		C36529452774962900629027 /* PBXContainerItemProxy */ = {
			isa = PBXContainerItemProxy;
			containerPortal = C36529192774962500629027 /* Project object */;
			proxyType = 1;
			remoteGlobalIDString = C36529202774962500629027;
			remoteInfo = "Time Visualizer";
		};
/* End PBXContainerItemProxy section */

/* Begin PBXFileReference section */
		C36529212774962500629027 /* Time Visualizer.app */ = {isa = PBXFileReference; explicitFileType = wrapper.application; includeInIndex = 0; path = "Time Visualizer.app"; sourceTree = BUILT_PRODUCTS_DIR; };
		C36529242774962500629027 /* AppDelegate.swift */ = {isa = PBXFileReference; lastKnownFileType = sourcecode.swift; path = AppDelegate.swift; sourceTree = "<group>"; };
		C36529262774962500629027 /* SceneDelegate.swift */ = {isa = PBXFileReference; lastKnownFileType = sourcecode.swift; path = SceneDelegate.swift; sourceTree = "<group>"; };
		C36529282774962500629027 /* ViewController.swift */ = {isa = PBXFileReference; lastKnownFileType = sourcecode.swift; path = ViewController.swift; sourceTree = "<group>"; };
		C365292B2774962500629027 /* Base */ = {isa = PBXFileReference; lastKnownFileType = file.storyboard; name = Base; path = Base.lproj/Main.storyboard; sourceTree = "<group>"; };
		C365292E2774962500629027 /* Time_Visualizer.xcdatamodel */ = {isa = PBXFileReference; lastKnownFileType = wrapper.xcdatamodel; path = Time_Visualizer.xcdatamodel; sourceTree = "<group>"; };
		C36529302774962800629027 /* Assets.xcassets */ = {isa = PBXFileReference; lastKnownFileType = folder.assetcatalog; path = Assets.xcassets; sourceTree = "<group>"; };
		C36529332774962800629027 /* Base */ = {isa = PBXFileReference; lastKnownFileType = file.storyboard; name = Base; path = Base.lproj/LaunchScreen.storyboard; sourceTree = "<group>"; };
		C36529352774962800629027 /* Info.plist */ = {isa = PBXFileReference; lastKnownFileType = text.plist.xml; path = Info.plist; sourceTree = "<group>"; };
		C365293A2774962900629027 /* Time VisualizerTests.xctest */ = {isa = PBXFileReference; explicitFileType = wrapper.cfbundle; includeInIndex = 0; path = "Time VisualizerTests.xctest"; sourceTree = BUILT_PRODUCTS_DIR; };
		C365293E2774962900629027 /* Time_VisualizerTests.swift */ = {isa = PBXFileReference; lastKnownFileType = sourcecode.swift; path = Time_VisualizerTests.swift; sourceTree = "<group>"; };
		C36529442774962900629027 /* Time VisualizerUITests.xctest */ = {isa = PBXFileReference; explicitFileType = wrapper.cfbundle; includeInIndex = 0; path = "Time VisualizerUITests.xctest"; sourceTree = BUILT_PRODUCTS_DIR; };
		C36529482774962900629027 /* Time_VisualizerUITests.swift */ = {isa = PBXFileReference; lastKnownFileType = sourcecode.swift; path = Time_VisualizerUITests.swift; sourceTree = "<group>"; };
		C365294A2774962900629027 /* Time_VisualizerUITestsLaunchTests.swift */ = {isa = PBXFileReference; lastKnownFileType = sourcecode.swift; path = Time_VisualizerUITestsLaunchTests.swift; sourceTree = "<group>"; };
/* End PBXFileReference section */

/* Begin PBXFrameworksBuildPhase section */
		C365291E2774962500629027 /* Frameworks */ = {
			isa = PBXFrameworksBuildPhase;
			buildActionMask = 2147483647;
			files = (
			);
			runOnlyForDeploymentPostprocessing = 0;
		};
		C36529372774962900629027 /* Frameworks */ = {
			isa = PBXFrameworksBuildPhase;
			buildActionMask = 2147483647;
			files = (
			);
			runOnlyForDeploymentPostprocessing = 0;
		};
		C36529412774962900629027 /* Frameworks */ = {
			isa = PBXFrameworksBuildPhase;
			buildActionMask = 2147483647;
			files = (
			);
			runOnlyForDeploymentPostprocessing = 0;
		};
/* End PBXFrameworksBuildPhase section */

/* Begin PBXGroup section */
		C36529182774962500629027 = {
			isa = PBXGroup;
			children = (
				C36529232774962500629027 /* Time Visualizer */,
				C365293D2774962900629027 /* Time VisualizerTests */,
				C36529472774962900629027 /* Time VisualizerUITests */,
				C36529222774962500629027 /* Products */,
			);
			sourceTree = "<group>";
		};
		C36529222774962500629027 /* Products */ = {
			isa = PBXGroup;
			children = (
				C36529212774962500629027 /* Time Visualizer.app */,
				C365293A2774962900629027 /* Time VisualizerTests.xctest */,
				C36529442774962900629027 /* Time VisualizerUITests.xctest */,
			);
			name = Products;
			sourceTree = "<group>";
		};
		C36529232774962500629027 /* Time Visualizer */ = {
			isa = PBXGroup;
			children = (
				C36529242774962500629027 /* AppDelegate.swift */,
				C36529262774962500629027 /* SceneDelegate.swift */,
				C36529282774962500629027 /* ViewController.swift */,
				C365292A2774962500629027 /* Main.storyboard */,
				C36529302774962800629027 /* Assets.xcassets */,
				C36529322774962800629027 /* LaunchScreen.storyboard */,
				C36529352774962800629027 /* Info.plist */,
				C365292D2774962500629027 /* Time_Visualizer.xcdatamodeld */,
			);
			path = "Time Visualizer";
			sourceTree = "<group>";
		};
		C365293D2774962900629027 /* Time VisualizerTests */ = {
			isa = PBXGroup;
			children = (
				C365293E2774962900629027 /* Time_VisualizerTests.swift */,
			);
			path = "Time VisualizerTests";
			sourceTree = "<group>";
		};
		C36529472774962900629027 /* Time VisualizerUITests */ = {
			isa = PBXGroup;
			children = (
				C36529482774962900629027 /* Time_VisualizerUITests.swift */,
				C365294A2774962900629027 /* Time_VisualizerUITestsLaunchTests.swift */,
			);
			path = "Time VisualizerUITests";
			sourceTree = "<group>";
		};
/* End PBXGroup section */

/* Begin PBXNativeTarget section */
		C36529202774962500629027 /* Time Visualizer */ = {
			isa = PBXNativeTarget;
			buildConfigurationList = C365294E2774962900629027 /* Build configuration list for PBXNativeTarget "Time Visualizer" */;
			buildPhases = (
				C365291D2774962500629027 /* Sources */,
				C365291E2774962500629027 /* Frameworks */,
				C365291F2774962500629027 /* Resources */,
			);
			buildRules = (
			);
			dependencies = (
			);
			name = "Time Visualizer";
			productName = "Time Visualizer";
			productReference = C36529212774962500629027 /* Time Visualizer.app */;
			productType = "com.apple.product-type.application";
		};
		C36529392774962900629027 /* Time VisualizerTests */ = {
			isa = PBXNativeTarget;
			buildConfigurationList = C36529512774962900629027 /* Build configuration list for PBXNativeTarget "Time VisualizerTests" */;
			buildPhases = (
				C36529362774962900629027 /* Sources */,
				C36529372774962900629027 /* Frameworks */,
				C36529382774962900629027 /* Resources */,
			);
			buildRules = (
			);
			dependencies = (
				C365293C2774962900629027 /* PBXTargetDependency */,
			);
			name = "Time VisualizerTests";
			productName = "Time VisualizerTests";
			productReference = C365293A2774962900629027 /* Time VisualizerTests.xctest */;
			productType = "com.apple.product-type.bundle.unit-test";
		};
		C36529432774962900629027 /* Time VisualizerUITests */ = {
			isa = PBXNativeTarget;
			buildConfigurationList = C36529542774962900629027 /* Build configuration list for PBXNativeTarget "Time VisualizerUITests" */;
			buildPhases = (
				C36529402774962900629027 /* Sources */,
				C36529412774962900629027 /* Frameworks */,
				C36529422774962900629027 /* Resources */,
			);
			buildRules = (
			);
			dependencies = (
				C36529462774962900629027 /* PBXTargetDependency */,
			);
			name = "Time VisualizerUITests";
			productName = "Time VisualizerUITests";
			productReference = C36529442774962900629027 /* Time VisualizerUITests.xctest */;
			productType = "com.apple.product-type.bundle.ui-testing";
		};
/* End PBXNativeTarget section */

/* Begin PBXProject section */
		C36529192774962500629027 /* Project object */ = {
			isa = PBXProject;
			attributes = {
				BuildIndependentTargetsInParallel = 1;
				LastSwiftUpdateCheck = 1310;
				LastUpgradeCheck = 1310;
				TargetAttributes = {
					C36529202774962500629027 = {
						CreatedOnToolsVersion = 13.1;
					};
					C36529392774962900629027 = {
						CreatedOnToolsVersion = 13.1;
						TestTargetID = C36529202774962500629027;
					};
					C36529432774962900629027 = {
						CreatedOnToolsVersion = 13.1;
						TestTargetID = C36529202774962500629027;
					};
				};
			};
			buildConfigurationList = C365291C2774962500629027 /* Build configuration list for PBXProject "Time Visualizer" */;
			compatibilityVersion = "Xcode 13.0";
			developmentRegion = en;
			hasScannedForEncodings = 0;
			knownRegions = (
				en,
				Base,
			);
			mainGroup = C36529182774962500629027;
			productRefGroup = C36529222774962500629027 /* Products */;
			projectDirPath = "";
			projectRoot = "";
			targets = (
				C36529202774962500629027 /* Time Visualizer */,
				C36529392774962900629027 /* Time VisualizerTests */,
				C36529432774962900629027 /* Time VisualizerUITests */,
			);
		};
/* End PBXProject section */

/* Begin PBXResourcesBuildPhase section */
		C365291F2774962500629027 /* Resources */ = {
			isa = PBXResourcesBuildPhase;
			buildActionMask = 2147483647;
			files = (
				C36529342774962800629027 /* LaunchScreen.storyboard in Resources */,
				C36529312774962800629027 /* Assets.xcassets in Resources */,
				C365292C2774962500629027 /* Main.storyboard in Resources */,
			);
			runOnlyForDeploymentPostprocessing = 0;
		};
		C36529382774962900629027 /* Resources */ = {
			isa = PBXResourcesBuildPhase;
			buildActionMask = 2147483647;
			files = (
			);
			runOnlyForDeploymentPostprocessing = 0;
		};
		C36529422774962900629027 /* Resources */ = {
			isa = PBXResourcesBuildPhase;
			buildActionMask = 2147483647;
			files = (
			);
			runOnlyForDeploymentPostprocessing = 0;
		};
/* End PBXResourcesBuildPhase section */

/* Begin PBXSourcesBuildPhase section */
		C365291D2774962500629027 /* Sources */ = {
			isa = PBXSourcesBuildPhase;
			buildActionMask = 2147483647;
			files = (
				C365292F2774962500629027 /* Time_Visualizer.xcdatamodeld in Sources */,
				C36529292774962500629027 /* ViewController.swift in Sources */,
				C36529252774962500629027 /* AppDelegate.swift in Sources */,
				C36529272774962500629027 /* SceneDelegate.swift in Sources */,
			);
			runOnlyForDeploymentPostprocessing = 0;
		};
		C36529362774962900629027 /* Sources */ = {
			isa = PBXSourcesBuildPhase;
			buildActionMask = 2147483647;
			files = (
				C365293F2774962900629027 /* Time_VisualizerTests.swift in Sources */,
			);
			runOnlyForDeploymentPostprocessing = 0;
		};
		C36529402774962900629027 /* Sources */ = {
			isa = PBXSourcesBuildPhase;
			buildActionMask = 2147483647;
			files = (
				C36529492774962900629027 /* Time_VisualizerUITests.swift in Sources */,
				C365294B2774962900629027 /* Time_VisualizerUITestsLaunchTests.swift in Sources */,
			);
			runOnlyForDeploymentPostprocessing = 0;
		};
/* End PBXSourcesBuildPhase section */

/* Begin PBXTargetDependency section */
		C365293C2774962900629027 /* PBXTargetDependency */ = {
			isa = PBXTargetDependency;
			target = C36529202774962500629027 /* Time Visualizer */;
			targetProxy = C365293B2774962900629027 /* PBXContainerItemProxy */;
		};
		C36529462774962900629027 /* PBXTargetDependency */ = {
			isa = PBXTargetDependency;
			target = C36529202774962500629027 /* Time Visualizer */;
			targetProxy = C36529452774962900629027 /* PBXContainerItemProxy */;
		};
/* End PBXTargetDependency section */

/* Begin PBXVariantGroup section */
		C365292A2774962500629027 /* Main.storyboard */ = {
			isa = PBXVariantGroup;
			children = (
				C365292B2774962500629027 /* Base */,
			);
			name = Main.storyboard;
			sourceTree = "<group>";
		};
		C36529322774962800629027 /* LaunchScreen.storyboard */ = {
			isa = PBXVariantGroup;
			children = (
				C36529332774962800629027 /* Base */,
			);
			name = LaunchScreen.storyboard;
			sourceTree = "<group>";
		};
/* End PBXVariantGroup section */

/* Begin XCBuildConfiguration section */
		C365294C2774962900629027 /* Debug */ = {
			isa = XCBuildConfiguration;
			buildSettings = {
				ALWAYS_SEARCH_USER_PATHS = NO;
				CLANG_ANALYZER_NONNULL = YES;
				CLANG_ANALYZER_NUMBER_OBJECT_CONVERSION = YES_AGGRESSIVE;
				CLANG_CXX_LANGUAGE_STANDARD = "gnu++17";
				CLANG_CXX_LIBRARY = "libc++";
				CLANG_ENABLE_MODULES = YES;
				CLANG_ENABLE_OBJC_ARC = YES;
				CLANG_ENABLE_OBJC_WEAK = YES;
				CLANG_WARN_BLOCK_CAPTURE_AUTORELEASING = YES;
				CLANG_WARN_BOOL_CONVERSION = YES;
				CLANG_WARN_COMMA = YES;
				CLANG_WARN_CONSTANT_CONVERSION = YES;
				CLANG_WARN_DEPRECATED_OBJC_IMPLEMENTATIONS = YES;
				CLANG_WARN_DIRECT_OBJC_ISA_USAGE = YES_ERROR;
				CLANG_WARN_DOCUMENTATION_COMMENTS = YES;
				CLANG_WARN_EMPTY_BODY = YES;
				CLANG_WARN_ENUM_CONVERSION = YES;
				CLANG_WARN_INFINITE_RECURSION = YES;
				CLANG_WARN_INT_CONVERSION = YES;
				CLANG_WARN_NON_LITERAL_NULL_CONVERSION = YES;
				CLANG_WARN_OBJC_IMPLICIT_RETAIN_SELF = YES;
				CLANG_WARN_OBJC_LITERAL_CONVERSION = YES;
				CLANG_WARN_OBJC_ROOT_CLASS = YES_ERROR;
				CLANG_WARN_QUOTED_INCLUDE_IN_FRAMEWORK_HEADER = YES;
				CLANG_WARN_RANGE_LOOP_ANALYSIS = YES;
				CLANG_WARN_STRICT_PROTOTYPES = YES;
				CLANG_WARN_SUSPICIOUS_MOVE = YES;
				CLANG_WARN_UNGUARDED_AVAILABILITY = YES_AGGRESSIVE;
				CLANG_WARN_UNREACHABLE_CODE = YES;
				CLANG_WARN__DUPLICATE_METHOD_MATCH = YES;
				COPY_PHASE_STRIP = NO;
				DEBUG_INFORMATION_FORMAT = dwarf;
				ENABLE_STRICT_OBJC_MSGSEND = YES;
				ENABLE_TESTABILITY = YES;
				GCC_C_LANGUAGE_STANDARD = gnu11;
				GCC_DYNAMIC_NO_PIC = NO;
				GCC_NO_COMMON_BLOCKS = YES;
				GCC_OPTIMIZATION_LEVEL = 0;
				GCC_PREPROCESSOR_DEFINITIONS = (
					"DEBUG=1",
					"$(inherited)",
				);
				GCC_WARN_64_TO_32_BIT_CONVERSION = YES;
				GCC_WARN_ABOUT_RETURN_TYPE = YES_ERROR;
				GCC_WARN_UNDECLARED_SELECTOR = YES;
				GCC_WARN_UNINITIALIZED_AUTOS = YES_AGGRESSIVE;
				GCC_WARN_UNUSED_FUNCTION = YES;
				GCC_WARN_UNUSED_VARIABLE = YES;
				IPHONEOS_DEPLOYMENT_TARGET = 15.0;
				MTL_ENABLE_DEBUG_INFO = INCLUDE_SOURCE;
				MTL_FAST_MATH = YES;
				ONLY_ACTIVE_ARCH = YES;
				SDKROOT = iphoneos;
				SWIFT_ACTIVE_COMPILATION_CONDITIONS = DEBUG;
				SWIFT_OPTIMIZATION_LEVEL = "-Onone";
			};
			name = Debug;
		};
		C365294D2774962900629027 /* Release */ = {
			isa = XCBuildConfiguration;
			buildSettings = {
				ALWAYS_SEARCH_USER_PATHS = NO;
				CLANG_ANALYZER_NONNULL = YES;
				CLANG_ANALYZER_NUMBER_OBJECT_CONVERSION = YES_AGGRESSIVE;
				CLANG_CXX_LANGUAGE_STANDARD = "gnu++17";
				CLANG_CXX_LIBRARY = "libc++";
				CLANG_ENABLE_MODULES = YES;
				CLANG_ENABLE_OBJC_ARC = YES;
				CLANG_ENABLE_OBJC_WEAK = YES;
				CLANG_WARN_BLOCK_CAPTURE_AUTORELEASING = YES;
				CLANG_WARN_BOOL_CONVERSION = YES;
				CLANG_WARN_COMMA = YES;
				CLANG_WARN_CONSTANT_CONVERSION = YES;
				CLANG_WARN_DEPRECATED_OBJC_IMPLEMENTATIONS = YES;
				CLANG_WARN_DIRECT_OBJC_ISA_USAGE = YES_ERROR;
				CLANG_WARN_DOCUMENTATION_COMMENTS = YES;
				CLANG_WARN_EMPTY_BODY = YES;
				CLANG_WARN_ENUM_CONVERSION = YES;
				CLANG_WARN_INFINITE_RECURSION = YES;
				CLANG_WARN_INT_CONVERSION = YES;
				CLANG_WARN_NON_LITERAL_NULL_CONVERSION = YES;
				CLANG_WARN_OBJC_IMPLICIT_RETAIN_SELF = YES;
				CLANG_WARN_OBJC_LITERAL_CONVERSION = YES;
				CLANG_WARN_OBJC_ROOT_CLASS = YES_ERROR;
				CLANG_WARN_QUOTED_INCLUDE_IN_FRAMEWORK_HEADER = YES;
				CLANG_WARN_RANGE_LOOP_ANALYSIS = YES;
				CLANG_WARN_STRICT_PROTOTYPES = YES;
				CLANG_WARN_SUSPICIOUS_MOVE = YES;
				CLANG_WARN_UNGUARDED_AVAILABILITY = YES_AGGRESSIVE;
				CLANG_WARN_UNREACHABLE_CODE = YES;
				CLANG_WARN__DUPLICATE_METHOD_MATCH = YES;
				COPY_PHASE_STRIP = NO;
				DEBUG_INFORMATION_FORMAT = "dwarf-with-dsym";
				ENABLE_NS_ASSERTIONS = NO;
				ENABLE_STRICT_OBJC_MSGSEND = YES;
				GCC_C_LANGUAGE_STANDARD = gnu11;
				GCC_NO_COMMON_BLOCKS = YES;
				GCC_WARN_64_TO_32_BIT_CONVERSION = YES;
				GCC_WARN_ABOUT_RETURN_TYPE = YES_ERROR;
				GCC_WARN_UNDECLARED_SELECTOR = YES;
				GCC_WARN_UNINITIALIZED_AUTOS = YES_AGGRESSIVE;
				GCC_WARN_UNUSED_FUNCTION = YES;
				GCC_WARN_UNUSED_VARIABLE = YES;
				IPHONEOS_DEPLOYMENT_TARGET = 15.0;
				MTL_ENABLE_DEBUG_INFO = NO;
				MTL_FAST_MATH = YES;
				SDKROOT = iphoneos;
				SWIFT_COMPILATION_MODE = wholemodule;
				SWIFT_OPTIMIZATION_LEVEL = "-O";
				VALIDATE_PRODUCT = YES;
			};
			name = Release;
		};
		C365294F2774962900629027 /* Debug */ = {
			isa = XCBuildConfiguration;
			buildSettings = {
				ASSETCATALOG_COMPILER_APPICON_NAME = AppIcon;
				ASSETCATALOG_COMPILER_GLOBAL_ACCENT_COLOR_NAME = AccentColor;
				CODE_SIGN_STYLE = Automatic;
				CURRENT_PROJECT_VERSION = 1;
				DEVELOPMENT_TEAM = FP765K72GJ;
				GENERATE_INFOPLIST_FILE = YES;
				INFOPLIST_FILE = "Time Visualizer/Info.plist";
				INFOPLIST_KEY_UIApplicationSupportsIndirectInputEvents = YES;
				INFOPLIST_KEY_UILaunchStoryboardName = LaunchScreen;
				INFOPLIST_KEY_UIMainStoryboardFile = Main;
				INFOPLIST_KEY_UISupportedInterfaceOrientations_iPad = "UIInterfaceOrientationPortrait UIInterfaceOrientationPortraitUpsideDown UIInterfaceOrientationLandscapeLeft UIInterfaceOrientationLandscapeRight";
				INFOPLIST_KEY_UISupportedInterfaceOrientations_iPhone = "UIInterfaceOrientationPortrait UIInterfaceOrientationLandscapeLeft UIInterfaceOrientationLandscapeRight";
				LD_RUNPATH_SEARCH_PATHS = (
					"$(inherited)",
					"@executable_path/Frameworks",
				);
				MARKETING_VERSION = 1.0;
				PRODUCT_BUNDLE_IDENTIFIER = "Latifah-AlMulhim.Time-Visualizer";
				PRODUCT_NAME = "$(TARGET_NAME)";
				SWIFT_EMIT_LOC_STRINGS = YES;
				SWIFT_VERSION = 5.0;
				TARGETED_DEVICE_FAMILY = "1,2";
			};
			name = Debug;
		};
		C36529502774962900629027 /* Release */ = {
			isa = XCBuildConfiguration;
			buildSettings = {
				ASSETCATALOG_COMPILER_APPICON_NAME = AppIcon;
				ASSETCATALOG_COMPILER_GLOBAL_ACCENT_COLOR_NAME = AccentColor;
				CODE_SIGN_STYLE = Automatic;
				CURRENT_PROJECT_VERSION = 1;
				DEVELOPMENT_TEAM = FP765K72GJ;
				GENERATE_INFOPLIST_FILE = YES;
				INFOPLIST_FILE = "Time Visualizer/Info.plist";
				INFOPLIST_KEY_UIApplicationSupportsIndirectInputEvents = YES;
				INFOPLIST_KEY_UILaunchStoryboardName = LaunchScreen;
				INFOPLIST_KEY_UIMainStoryboardFile = Main;
				INFOPLIST_KEY_UISupportedInterfaceOrientations_iPad = "UIInterfaceOrientationPortrait UIInterfaceOrientationPortraitUpsideDown UIInterfaceOrientationLandscapeLeft UIInterfaceOrientationLandscapeRight";
				INFOPLIST_KEY_UISupportedInterfaceOrientations_iPhone = "UIInterfaceOrientationPortrait UIInterfaceOrientationLandscapeLeft UIInterfaceOrientationLandscapeRight";
				LD_RUNPATH_SEARCH_PATHS = (
					"$(inherited)",
					"@executable_path/Frameworks",
				);
				MARKETING_VERSION = 1.0;
				PRODUCT_BUNDLE_IDENTIFIER = "Latifah-AlMulhim.Time-Visualizer";
				PRODUCT_NAME = "$(TARGET_NAME)";
				SWIFT_EMIT_LOC_STRINGS = YES;
				SWIFT_VERSION = 5.0;
				TARGETED_DEVICE_FAMILY = "1,2";
			};
			name = Release;
		};
		C36529522774962900629027 /* Debug */ = {
			isa = XCBuildConfiguration;
			buildSettings = {
				ALWAYS_EMBED_SWIFT_STANDARD_LIBRARIES = YES;
				BUNDLE_LOADER = "$(TEST_HOST)";
				CODE_SIGN_STYLE = Automatic;
				CURRENT_PROJECT_VERSION = 1;
				DEVELOPMENT_TEAM = FP765K72GJ;
				GENERATE_INFOPLIST_FILE = YES;
				IPHONEOS_DEPLOYMENT_TARGET = 15.0;
				LD_RUNPATH_SEARCH_PATHS = (
					"$(inherited)",
					"@executable_path/Frameworks",
					"@loader_path/Frameworks",
				);
				MARKETING_VERSION = 1.0;
				PRODUCT_BUNDLE_IDENTIFIER = "Latifah-AlMulhim.Time-VisualizerTests";
				PRODUCT_NAME = "$(TARGET_NAME)";
				SWIFT_EMIT_LOC_STRINGS = NO;
				SWIFT_VERSION = 5.0;
				TARGETED_DEVICE_FAMILY = "1,2";
				TEST_HOST = "$(BUILT_PRODUCTS_DIR)/Time Visualizer.app/Time Visualizer";
			};
			name = Debug;
		};
		C36529532774962900629027 /* Release */ = {
			isa = XCBuildConfiguration;
			buildSettings = {
				ALWAYS_EMBED_SWIFT_STANDARD_LIBRARIES = YES;
				BUNDLE_LOADER = "$(TEST_HOST)";
				CODE_SIGN_STYLE = Automatic;
				CURRENT_PROJECT_VERSION = 1;
				DEVELOPMENT_TEAM = FP765K72GJ;
				GENERATE_INFOPLIST_FILE = YES;
				IPHONEOS_DEPLOYMENT_TARGET = 15.0;
				LD_RUNPATH_SEARCH_PATHS = (
					"$(inherited)",
					"@executable_path/Frameworks",
					"@loader_path/Frameworks",
				);
				MARKETING_VERSION = 1.0;
				PRODUCT_BUNDLE_IDENTIFIER = "Latifah-AlMulhim.Time-VisualizerTests";
				PRODUCT_NAME = "$(TARGET_NAME)";
				SWIFT_EMIT_LOC_STRINGS = NO;
				SWIFT_VERSION = 5.0;
				TARGETED_DEVICE_FAMILY = "1,2";
				TEST_HOST = "$(BUILT_PRODUCTS_DIR)/Time Visualizer.app/Time Visualizer";
			};
			name = Release;
		};
		C36529552774962900629027 /* Debug */ = {
			isa = XCBuildConfiguration;
			buildSettings = {
				ALWAYS_EMBED_SWIFT_STANDARD_LIBRARIES = YES;
				CODE_SIGN_STYLE = Automatic;
				CURRENT_PROJECT_VERSION = 1;
				DEVELOPMENT_TEAM = FP765K72GJ;
				GENERATE_INFOPLIST_FILE = YES;
				LD_RUNPATH_SEARCH_PATHS = (
					"$(inherited)",
					"@executable_path/Frameworks",
					"@loader_path/Frameworks",
				);
				MARKETING_VERSION = 1.0;
				PRODUCT_BUNDLE_IDENTIFIER = "Latifah-AlMulhim.Time-VisualizerUITests";
				PRODUCT_NAME = "$(TARGET_NAME)";
				SWIFT_EMIT_LOC_STRINGS = NO;
				SWIFT_VERSION = 5.0;
				TARGETED_DEVICE_FAMILY = "1,2";
				TEST_TARGET_NAME = "Time Visualizer";
			};
			name = Debug;
		};
		C36529562774962900629027 /* Release */ = {
			isa = XCBuildConfiguration;
			buildSettings = {
				ALWAYS_EMBED_SWIFT_STANDARD_LIBRARIES = YES;
				CODE_SIGN_STYLE = Automatic;
				CURRENT_PROJECT_VERSION = 1;
				DEVELOPMENT_TEAM = FP765K72GJ;
				GENERATE_INFOPLIST_FILE = YES;
				LD_RUNPATH_SEARCH_PATHS = (
					"$(inherited)",
					"@executable_path/Frameworks",
					"@loader_path/Frameworks",
				);
				MARKETING_VERSION = 1.0;
				PRODUCT_BUNDLE_IDENTIFIER = "Latifah-AlMulhim.Time-VisualizerUITests";
				PRODUCT_NAME = "$(TARGET_NAME)";
				SWIFT_EMIT_LOC_STRINGS = NO;
				SWIFT_VERSION = 5.0;
				TARGETED_DEVICE_FAMILY = "1,2";
				TEST_TARGET_NAME = "Time Visualizer";
			};
			name = Release;
		};
/* End XCBuildConfiguration section */

/* Begin XCConfigurationList section */
		C365291C2774962500629027 /* Build configuration list for PBXProject "Time Visualizer" */ = {
			isa = XCConfigurationList;
			buildConfigurations = (
				C365294C2774962900629027 /* Debug */,
				C365294D2774962900629027 /* Release */,
			);
			defaultConfigurationIsVisible = 0;
			defaultConfigurationName = Release;
		};
		C365294E2774962900629027 /* Build configuration list for PBXNativeTarget "Time Visualizer" */ = {
			isa = XCConfigurationList;
			buildConfigurations = (
				C365294F2774962900629027 /* Debug */,
				C36529502774962900629027 /* Release */,
			);
			defaultConfigurationIsVisible = 0;
			defaultConfigurationName = Release;
		};
		C36529512774962900629027 /* Build configuration list for PBXNativeTarget "Time VisualizerTests" */ = {
			isa = XCConfigurationList;
			buildConfigurations = (
				C36529522774962900629027 /* Debug */,
				C36529532774962900629027 /* Release */,
			);
			defaultConfigurationIsVisible = 0;
			defaultConfigurationName = Release;
		};
		C36529542774962900629027 /* Build configuration list for PBXNativeTarget "Time VisualizerUITests" */ = {
			isa = XCConfigurationList;
			buildConfigurations = (
				C36529552774962900629027 /* Debug */,
				C36529562774962900629027 /* Release */,
			);
			defaultConfigurationIsVisible = 0;
			defaultConfigurationName = Release;
		};
/* End XCConfigurationList section */

/* Begin XCVersionGroup section */
		C365292D2774962500629027 /* Time_Visualizer.xcdatamodeld */ = {
			isa = XCVersionGroup;
			children = (
				C365292E2774962500629027 /* Time_Visualizer.xcdatamodel */,
			);
			currentVersion = C365292E2774962500629027 /* Time_Visualizer.xcdatamodel */;
			path = Time_Visualizer.xcdatamodeld;
			sourceTree = "<group>";
			versionGroupType = wrapper.xcdatamodel;
		};
/* End XCVersionGroup section */
	};
	rootObject = C36529192774962500629027 /* Project object */;
}
